
Microsoft Visual Studio Solution File, Format Version 12.00
# Visual Studio 2013
VisualStudioVersion = 12.0.30723.0
MinimumVisualStudioVersion = 10.0.40219.1
Project("{FAE04EC0-301F-11D3-BF4B-00C04F79EFBC}") = "Domain", "Domain\Domain.csproj", "{16F310EE-EA6B-4926-BFF6-B05CD2795CDC}"
EndProject
Project("{FAE04EC0-301F-11D3-BF4B-00C04F79EFBC}") = "Web.ImageApplication", "Web.ImageApplication\Web.ImageApplication.csproj", "{191676D5-05BD-4602-8DAE-ED6ABB9ED059}"
EndProject
Global
	GlobalSection(SolutionConfigurationPlatforms) = preSolution
		Debug|Any CPU = Debug|Any CPU
		Release|Any CPU = Release|Any CPU
	EndGlobalSection
	GlobalSection(ProjectConfigurationPlatforms) = postSolution
		{16F310EE-EA6B-4926-BFF6-B05CD2795CDC}.Debug|Any CPU.ActiveCfg = Debug|Any CPU
		{16F310EE-EA6B-4926-BFF6-B05CD2795CDC}.Debug|Any CPU.Build.0 = Debug|Any CPU
		{16F310EE-EA6B-4926-BFF6-B05CD2795CDC}.Release|Any CPU.ActiveCfg = Release|Any CPU
		{16F310EE-EA6B-4926-BFF6-B05CD2795CDC}.Release|Any CPU.Build.0 = Release|Any CPU
		{191676D5-05BD-4602-8DAE-ED6ABB9ED059}.Debug|Any CPU.ActiveCfg = Debug|Any CPU
		{191676D5-05BD-4602-8DAE-ED6ABB9ED059}.Debug|Any CPU.Build.0 = Debug|Any CPU
		{191676D5-05BD-4602-8DAE-ED6ABB9ED059}.Release|Any CPU.ActiveCfg = Release|Any CPU
		{191676D5-05BD-4602-8DAE-ED6ABB9ED059}.Release|Any CPU.Build.0 = Release|Any CPU
	EndGlobalSection
	GlobalSection(SolutionProperties) = preSolution
		HideSolutionNode = FALSE
	EndGlobalSection
EndGlobal
